
Microsoft Visual Studio Solution File, Format Version 11.00
# Visual Studio 2010
Project("{FAE04EC0-301F-11D3-BF4B-00C04F79EFBC}") = "ModelTest", "ModelTest\ModelTest.csproj", "{3E49F1F7-A850-4593-BD75-4E57F3F77F85}"
EndProject
Project("{FAE04EC0-301F-11D3-BF4B-00C04F79EFBC}") = "NTW.Presentation", "NTW.Presentation\NTW.Presentation.csproj", "{A07F4FAB-1CFA-455B-8825-426E444D0C1F}"
EndProject
Project("{FAE04EC0-301F-11D3-BF4B-00C04F79EFBC}") = "NTW.Commands", "NTW.Command\NTW.Commands.csproj", "{E79C9A45-CAA3-4837-9FC9-A11B8E6A60DD}"
EndProject
Global
	GlobalSection(SolutionConfigurationPlatforms) = preSolution
		Debug|Any CPU = Debug|Any CPU
		Debug|Mixed Platforms = Debug|Mixed Platforms
		Debug|x86 = Debug|x86
		Release|Any CPU = Release|Any CPU
		Release|Mixed Platforms = Release|Mixed Platforms
		Release|x86 = Release|x86
	EndGlobalSection
	GlobalSection(ProjectConfigurationPlatforms) = postSolution
		{3E49F1F7-A850-4593-BD75-4E57F3F77F85}.Debug|Any CPU.ActiveCfg = Debug|x86
		{3E49F1F7-A850-4593-BD75-4E57F3F77F85}.Debug|Mixed Platforms.ActiveCfg = Debug|x86
		{3E49F1F7-A850-4593-BD75-4E57F3F77F85}.Debug|Mixed Platforms.Build.0 = Debug|x86
		{3E49F1F7-A850-4593-BD75-4E57F3F77F85}.Debug|x86.ActiveCfg = Debug|x86
		{3E49F1F7-A850-4593-BD75-4E57F3F77F85}.Debug|x86.Build.0 = Debug|x86
		{3E49F1F7-A850-4593-BD75-4E57F3F77F85}.Release|Any CPU.ActiveCfg = Release|x86
		{3E49F1F7-A850-4593-BD75-4E57F3F77F85}.Release|Mixed Platforms.ActiveCfg = Release|x86
		{3E49F1F7-A850-4593-BD75-4E57F3F77F85}.Release|Mixed Platforms.Build.0 = Release|x86
		{3E49F1F7-A850-4593-BD75-4E57F3F77F85}.Release|x86.ActiveCfg = Release|x86
		{3E49F1F7-A850-4593-BD75-4E57F3F77F85}.Release|x86.Build.0 = Release|x86
		{A07F4FAB-1CFA-455B-8825-426E444D0C1F}.Debug|Any CPU.ActiveCfg = Debug|Any CPU
		{A07F4FAB-1CFA-455B-8825-426E444D0C1F}.Debug|Any CPU.Build.0 = Debug|Any CPU
		{A07F4FAB-1CFA-455B-8825-426E444D0C1F}.Debug|Mixed Platforms.ActiveCfg = Debug|Any CPU
		{A07F4FAB-1CFA-455B-8825-426E444D0C1F}.Debug|Mixed Platforms.Build.0 = Debug|Any CPU
		{A07F4FAB-1CFA-455B-8825-426E444D0C1F}.Debug|x86.ActiveCfg = Debug|Any CPU
		{A07F4FAB-1CFA-455B-8825-426E444D0C1F}.Release|Any CPU.ActiveCfg = Release|Any CPU
		{A07F4FAB-1CFA-455B-8825-426E444D0C1F}.Release|Any CPU.Build.0 = Release|Any CPU
		{A07F4FAB-1CFA-455B-8825-426E444D0C1F}.Release|Mixed Platforms.ActiveCfg = Release|Any CPU
		{A07F4FAB-1CFA-455B-8825-426E444D0C1F}.Release|Mixed Platforms.Build.0 = Release|Any CPU
		{A07F4FAB-1CFA-455B-8825-426E444D0C1F}.Release|x86.ActiveCfg = Release|Any CPU
		{E79C9A45-CAA3-4837-9FC9-A11B8E6A60DD}.Debug|Any CPU.ActiveCfg = Debug|Any CPU
		{E79C9A45-CAA3-4837-9FC9-A11B8E6A60DD}.Debug|Any CPU.Build.0 = Debug|Any CPU
		{E79C9A45-CAA3-4837-9FC9-A11B8E6A60DD}.Debug|Mixed Platforms.ActiveCfg = Debug|Any CPU
		{E79C9A45-CAA3-4837-9FC9-A11B8E6A60DD}.Debug|Mixed Platforms.Build.0 = Debug|Any CPU
		{E79C9A45-CAA3-4837-9FC9-A11B8E6A60DD}.Debug|x86.ActiveCfg = Debug|Any CPU
		{E79C9A45-CAA3-4837-9FC9-A11B8E6A60DD}.Release|Any CPU.ActiveCfg = Release|Any CPU
		{E79C9A45-CAA3-4837-9FC9-A11B8E6A60DD}.Release|Any CPU.Build.0 = Release|Any CPU
		{E79C9A45-CAA3-4837-9FC9-A11B8E6A60DD}.Release|Mixed Platforms.ActiveCfg = Release|Any CPU
		{E79C9A45-CAA3-4837-9FC9-A11B8E6A60DD}.Release|Mixed Platforms.Build.0 = Release|Any CPU
		{E79C9A45-CAA3-4837-9FC9-A11B8E6A60DD}.Release|x86.ActiveCfg = Release|Any CPU
	EndGlobalSection
	GlobalSection(SolutionProperties) = preSolution
		HideSolutionNode = FALSE
	EndGlobalSection
EndGlobal
